{
  "nodes": {
    "home-manager": {
      "inputs": {
        "nixpkgs": [
          "nixpkgs"
        ]
      },
      "locked": {
        "lastModified": 1694465129,
        "narHash": "sha256-8BQiuobMrCfCbGM7w6Snx+OBYdtTIm0+cGVaKwQ5BFg=",
        "owner": "nix-community",
        "repo": "home-manager",
        "rev": "9787dffff5d315c9593d3f9fb0f9bf2097e1b57b",
        "type": "github"
      },
      "original": {
        "owner": "nix-community",
        "ref": "release-23.05",
        "repo": "home-manager",
        "type": "github"
      }
    },
    "nixpkgs": {
      "locked": {
        "lastModified": 1694304580,
        "narHash": "sha256-5tIpNodDpEKT8mM/F5zCzWEAnidOg8eb1/x3SRaaBLs=",
        "owner": "NixOS",
        "repo": "nixpkgs",
        "rev": "4c8cf44c5b9481a4f093f1df3b8b7ba997a7c760",
        "type": "github"
      },
      "original": {
        "id": "nixpkgs",
        "ref": "nixos-23.05",
        "type": "indirect"
      }
    },
    "nixpkgs-unstable": {
      "locked": {
        "lastModified": 1694343207,
        "narHash": "sha256-jWi7OwFxU5Owi4k2JmiL1sa/OuBCQtpaAesuj5LXC8w=",
        "owner": "nixos",
        "repo": "nixpkgs",
        "rev": "78058d810644f5ed276804ce7ea9e82d92bee293",
        "type": "github"
      },
      "original": {
        "owner": "nixos",
        "ref": "nixpkgs-unstable",
        "repo": "nixpkgs",
        "type": "github"
      }
    },
    "root": {
      "inputs": {
        "home-manager": "home-manager",
        "nixpkgs": "nixpkgs",
        "nixpkgs-unstable": "nixpkgs-unstable"
      }
    }
  },
  "root": "root",
  "version": 7
}
